
Microsoft Visual Studio Solution File, Format Version 12.00
# Visual Studio 15
VisualStudioVersion = 15.0.27703.2047
MinimumVisualStudioVersion = 10.0.40219.1
Project("{FAE04EC0-301F-11D3-BF4B-00C04F79EFBC}") = "Ejercicio 20", "Ejercicio 20\Ejercicio 20.csproj", "{5A5D2B32-22C5-4CBF-9D34-3FBF6F99C075}"
EndProject
Project("{FAE04EC0-301F-11D3-BF4B-00C04F79EFBC}") = "Billetes", "Billetes\Billetes.csproj", "{F7520AE1-E0E7-4D09-A4F3-9C8B89066D22}"
EndProject
Project("{FAE04EC0-301F-11D3-BF4B-00C04F79EFBC}") = "ConversorForm", "ConversorForm\ConversorForm.csproj", "{02FF9EDC-31B4-4F3F-AB90-370C9739E7C2}"
EndProject
Global
	GlobalSection(SolutionConfigurationPlatforms) = preSolution
		Debug|Any CPU = Debug|Any CPU
		Release|Any CPU = Release|Any CPU
	EndGlobalSection
	GlobalSection(ProjectConfigurationPlatforms) = postSolution
		{5A5D2B32-22C5-4CBF-9D34-3FBF6F99C075}.Debug|Any CPU.ActiveCfg = Debug|Any CPU
		{5A5D2B32-22C5-4CBF-9D34-3FBF6F99C075}.Debug|Any CPU.Build.0 = Debug|Any CPU
		{5A5D2B32-22C5-4CBF-9D34-3FBF6F99C075}.Release|Any CPU.ActiveCfg = Release|Any CPU
		{5A5D2B32-22C5-4CBF-9D34-3FBF6F99C075}.Release|Any CPU.Build.0 = Release|Any CPU
		{F7520AE1-E0E7-4D09-A4F3-9C8B89066D22}.Debug|Any CPU.ActiveCfg = Debug|Any CPU
		{F7520AE1-E0E7-4D09-A4F3-9C8B89066D22}.Debug|Any CPU.Build.0 = Debug|Any CPU
		{F7520AE1-E0E7-4D09-A4F3-9C8B89066D22}.Release|Any CPU.ActiveCfg = Release|Any CPU
		{F7520AE1-E0E7-4D09-A4F3-9C8B89066D22}.Release|Any CPU.Build.0 = Release|Any CPU
		{02FF9EDC-31B4-4F3F-AB90-370C9739E7C2}.Debug|Any CPU.ActiveCfg = Debug|Any CPU
		{02FF9EDC-31B4-4F3F-AB90-370C9739E7C2}.Debug|Any CPU.Build.0 = Debug|Any CPU
		{02FF9EDC-31B4-4F3F-AB90-370C9739E7C2}.Release|Any CPU.ActiveCfg = Release|Any CPU
		{02FF9EDC-31B4-4F3F-AB90-370C9739E7C2}.Release|Any CPU.Build.0 = Release|Any CPU
	EndGlobalSection
	GlobalSection(SolutionProperties) = preSolution
		HideSolutionNode = FALSE
	EndGlobalSection
	GlobalSection(ExtensibilityGlobals) = postSolution
		SolutionGuid = {0D2D0761-FCBB-43D9-8E68-08455801AF79}
	EndGlobalSection
EndGlobal
