
Microsoft Visual Studio Solution File, Format Version 12.00
# Visual Studio 15
VisualStudioVersion = 15.0.27703.2047
MinimumVisualStudioVersion = 10.0.40219.1
Project("{FAE04EC0-301F-11D3-BF4B-00C04F79EFBC}") = "Consola", "Consola\Consola.csproj", "{0349AE27-64C1-4A73-A07D-9DB95AA72434}"
EndProject
Project("{FAE04EC0-301F-11D3-BF4B-00C04F79EFBC}") = "Entidades", "Entidades\Entidades.csproj", "{B576EB8C-49B7-4128-81BD-6CDB56F1B3E7}"
EndProject
Global
	GlobalSection(SolutionConfigurationPlatforms) = preSolution
		Debug|Any CPU = Debug|Any CPU
		Release|Any CPU = Release|Any CPU
	EndGlobalSection
	GlobalSection(ProjectConfigurationPlatforms) = postSolution
		{0349AE27-64C1-4A73-A07D-9DB95AA72434}.Debug|Any CPU.ActiveCfg = Debug|Any CPU
		{0349AE27-64C1-4A73-A07D-9DB95AA72434}.Debug|Any CPU.Build.0 = Debug|Any CPU
		{0349AE27-64C1-4A73-A07D-9DB95AA72434}.Release|Any CPU.ActiveCfg = Release|Any CPU
		{0349AE27-64C1-4A73-A07D-9DB95AA72434}.Release|Any CPU.Build.0 = Release|Any CPU
		{B576EB8C-49B7-4128-81BD-6CDB56F1B3E7}.Debug|Any CPU.ActiveCfg = Debug|Any CPU
		{B576EB8C-49B7-4128-81BD-6CDB56F1B3E7}.Debug|Any CPU.Build.0 = Debug|Any CPU
		{B576EB8C-49B7-4128-81BD-6CDB56F1B3E7}.Release|Any CPU.ActiveCfg = Release|Any CPU
		{B576EB8C-49B7-4128-81BD-6CDB56F1B3E7}.Release|Any CPU.Build.0 = Release|Any CPU
	EndGlobalSection
	GlobalSection(SolutionProperties) = preSolution
		HideSolutionNode = FALSE
	EndGlobalSection
	GlobalSection(ExtensibilityGlobals) = postSolution
		SolutionGuid = {21D9CBAA-1D96-4ACA-90A2-D2BC1D5301C1}
	EndGlobalSection
EndGlobal
