
Microsoft Visual Studio Solution File, Format Version 12.00
# Visual Studio 15
VisualStudioVersion = 15.0.27703.2047
MinimumVisualStudioVersion = 10.0.40219.1
Project("{FAE04EC0-301F-11D3-BF4B-00C04F79EFBC}") = "Ejercicio01", "Ejercicio01\Ejercicio01.csproj", "{0C368448-55A3-49AB-88C1-066335F8492B}"
EndProject
Project("{FAE04EC0-301F-11D3-BF4B-00C04F79EFBC}") = "EJ04", "EJ04\EJ04.csproj", "{D2071CCD-11C5-4810-BAB3-A236E85AD501}"
EndProject
Project("{FAE04EC0-301F-11D3-BF4B-00C04F79EFBC}") = "Ej05", "Ej05\Ej05.csproj", "{5B61B519-0740-43AA-A188-F577946B4A38}"
EndProject
Global
	GlobalSection(SolutionConfigurationPlatforms) = preSolution
		Debug|Any CPU = Debug|Any CPU
		Release|Any CPU = Release|Any CPU
	EndGlobalSection
	GlobalSection(ProjectConfigurationPlatforms) = postSolution
		{0C368448-55A3-49AB-88C1-066335F8492B}.Debug|Any CPU.ActiveCfg = Debug|Any CPU
		{0C368448-55A3-49AB-88C1-066335F8492B}.Debug|Any CPU.Build.0 = Debug|Any CPU
		{0C368448-55A3-49AB-88C1-066335F8492B}.Release|Any CPU.ActiveCfg = Release|Any CPU
		{0C368448-55A3-49AB-88C1-066335F8492B}.Release|Any CPU.Build.0 = Release|Any CPU
		{D2071CCD-11C5-4810-BAB3-A236E85AD501}.Debug|Any CPU.ActiveCfg = Debug|Any CPU
		{D2071CCD-11C5-4810-BAB3-A236E85AD501}.Debug|Any CPU.Build.0 = Debug|Any CPU
		{D2071CCD-11C5-4810-BAB3-A236E85AD501}.Release|Any CPU.ActiveCfg = Release|Any CPU
		{D2071CCD-11C5-4810-BAB3-A236E85AD501}.Release|Any CPU.Build.0 = Release|Any CPU
		{5B61B519-0740-43AA-A188-F577946B4A38}.Debug|Any CPU.ActiveCfg = Debug|Any CPU
		{5B61B519-0740-43AA-A188-F577946B4A38}.Debug|Any CPU.Build.0 = Debug|Any CPU
		{5B61B519-0740-43AA-A188-F577946B4A38}.Release|Any CPU.ActiveCfg = Release|Any CPU
		{5B61B519-0740-43AA-A188-F577946B4A38}.Release|Any CPU.Build.0 = Release|Any CPU
	EndGlobalSection
	GlobalSection(SolutionProperties) = preSolution
		HideSolutionNode = FALSE
	EndGlobalSection
	GlobalSection(ExtensibilityGlobals) = postSolution
		SolutionGuid = {ECFC071C-28C3-4313-A062-274DE7E19142}
	EndGlobalSection
EndGlobal
