
Microsoft Visual Studio Solution File, Format Version 12.00
# Visual Studio 15
VisualStudioVersion = 15.0.27703.2047
MinimumVisualStudioVersion = 10.0.40219.1
Project("{FAE04EC0-301F-11D3-BF4B-00C04F79EFBC}") = "Ejercicio_16", "Ejercicio_16\Ejercicio_16.csproj", "{83F0794F-34EB-4D7D-B347-A5732FED3222}"
EndProject
Project("{FAE04EC0-301F-11D3-BF4B-00C04F79EFBC}") = "Entidades", "Entidades\Entidades.csproj", "{A99FC538-49BE-4E0F-AEDA-57B32C88AEFA}"
EndProject
Global
	GlobalSection(SolutionConfigurationPlatforms) = preSolution
		Debug|Any CPU = Debug|Any CPU
		Release|Any CPU = Release|Any CPU
	EndGlobalSection
	GlobalSection(ProjectConfigurationPlatforms) = postSolution
		{83F0794F-34EB-4D7D-B347-A5732FED3222}.Debug|Any CPU.ActiveCfg = Debug|Any CPU
		{83F0794F-34EB-4D7D-B347-A5732FED3222}.Debug|Any CPU.Build.0 = Debug|Any CPU
		{83F0794F-34EB-4D7D-B347-A5732FED3222}.Release|Any CPU.ActiveCfg = Release|Any CPU
		{83F0794F-34EB-4D7D-B347-A5732FED3222}.Release|Any CPU.Build.0 = Release|Any CPU
		{A99FC538-49BE-4E0F-AEDA-57B32C88AEFA}.Debug|Any CPU.ActiveCfg = Debug|Any CPU
		{A99FC538-49BE-4E0F-AEDA-57B32C88AEFA}.Debug|Any CPU.Build.0 = Debug|Any CPU
		{A99FC538-49BE-4E0F-AEDA-57B32C88AEFA}.Release|Any CPU.ActiveCfg = Release|Any CPU
		{A99FC538-49BE-4E0F-AEDA-57B32C88AEFA}.Release|Any CPU.Build.0 = Release|Any CPU
	EndGlobalSection
	GlobalSection(SolutionProperties) = preSolution
		HideSolutionNode = FALSE
	EndGlobalSection
	GlobalSection(ExtensibilityGlobals) = postSolution
		SolutionGuid = {AD455B91-E9D0-4483-8748-8613961E2201}
	EndGlobalSection
EndGlobal
