
Microsoft Visual Studio Solution File, Format Version 12.00
# Visual Studio 15
VisualStudioVersion = 15.0.28307.572
MinimumVisualStudioVersion = 10.0.40219.1
Project("{FAE04EC0-301F-11D3-BF4B-00C04F79EFBC}") = "HolaMundoWF", "HolaMundoWF\HolaMundoWF.csproj", "{D70F04AF-3229-4637-862A-616A88420F0F}"
EndProject
Global
	GlobalSection(SolutionConfigurationPlatforms) = preSolution
		Debug|Any CPU = Debug|Any CPU
		Release|Any CPU = Release|Any CPU
	EndGlobalSection
	GlobalSection(ProjectConfigurationPlatforms) = postSolution
		{D70F04AF-3229-4637-862A-616A88420F0F}.Debug|Any CPU.ActiveCfg = Debug|Any CPU
		{D70F04AF-3229-4637-862A-616A88420F0F}.Debug|Any CPU.Build.0 = Debug|Any CPU
		{D70F04AF-3229-4637-862A-616A88420F0F}.Release|Any CPU.ActiveCfg = Release|Any CPU
		{D70F04AF-3229-4637-862A-616A88420F0F}.Release|Any CPU.Build.0 = Release|Any CPU
	EndGlobalSection
	GlobalSection(SolutionProperties) = preSolution
		HideSolutionNode = FALSE
	EndGlobalSection
	GlobalSection(ExtensibilityGlobals) = postSolution
		SolutionGuid = {14CC5334-1324-4A0C-A93F-5E881569A936}
	EndGlobalSection
EndGlobal
