
Microsoft Visual Studio Solution File, Format Version 12.00
# Visual Studio 15
VisualStudioVersion = 15.0.27703.2047
MinimumVisualStudioVersion = 10.0.40219.1
Project("{FAE04EC0-301F-11D3-BF4B-00C04F79EFBC}") = "Ejercicio_33", "Ejercicio_33\Ejercicio_33.csproj", "{F31D7AB3-2313-4E23-8A9A-81A5F0BEFF83}"
EndProject
Project("{FAE04EC0-301F-11D3-BF4B-00C04F79EFBC}") = "Biblioteca", "Biblioteca\Biblioteca.csproj", "{957C29E4-3C15-45E2-9499-CA6E312A4620}"
EndProject
Global
	GlobalSection(SolutionConfigurationPlatforms) = preSolution
		Debug|Any CPU = Debug|Any CPU
		Release|Any CPU = Release|Any CPU
	EndGlobalSection
	GlobalSection(ProjectConfigurationPlatforms) = postSolution
		{F31D7AB3-2313-4E23-8A9A-81A5F0BEFF83}.Debug|Any CPU.ActiveCfg = Debug|Any CPU
		{F31D7AB3-2313-4E23-8A9A-81A5F0BEFF83}.Debug|Any CPU.Build.0 = Debug|Any CPU
		{F31D7AB3-2313-4E23-8A9A-81A5F0BEFF83}.Release|Any CPU.ActiveCfg = Release|Any CPU
		{F31D7AB3-2313-4E23-8A9A-81A5F0BEFF83}.Release|Any CPU.Build.0 = Release|Any CPU
		{957C29E4-3C15-45E2-9499-CA6E312A4620}.Debug|Any CPU.ActiveCfg = Debug|Any CPU
		{957C29E4-3C15-45E2-9499-CA6E312A4620}.Debug|Any CPU.Build.0 = Debug|Any CPU
		{957C29E4-3C15-45E2-9499-CA6E312A4620}.Release|Any CPU.ActiveCfg = Release|Any CPU
		{957C29E4-3C15-45E2-9499-CA6E312A4620}.Release|Any CPU.Build.0 = Release|Any CPU
	EndGlobalSection
	GlobalSection(SolutionProperties) = preSolution
		HideSolutionNode = FALSE
	EndGlobalSection
	GlobalSection(ExtensibilityGlobals) = postSolution
		SolutionGuid = {8CA921EA-9780-415C-A47E-32B4212DF9A3}
	EndGlobalSection
EndGlobal
